
Microsoft Visual Studio Solution File, Format Version 12.00
# Visual Studio Version 17
VisualStudioVersion = 17.8.34525.116
MinimumVisualStudioVersion = 10.0.40219.1
Project("{9A19103F-16F7-4668-BE54-9A1E7A4F7556}") = "KolejnaPodrozApp", "KolejnaPodrozApp.csproj", "{9ECDD5DD-8717-4494-902C-28A0C701692E}"
EndProject
Project("{9A19103F-16F7-4668-BE54-9A1E7A4F7556}") = "KolejnaPodroz.Domain", "..\KolejnaPodroz.Domain\KolejnaPodroz.Domain.csproj", "{C2876CAC-AA04-4D8A-8AF5-DBF399B3A4AD}"
EndProject
Project("{9A19103F-16F7-4668-BE54-9A1E7A4F7556}") = "KolejnaPodroz.Test", "..\KolejnaPodroz.Test\KolejnaPodroz.Test.csproj", "{E13E7C60-D7DD-4D68-A92D-E2523A2AC5C8}"
EndProject
Project("{FAE04EC0-301F-11D3-BF4B-00C04F79EFBC}") = "KolejnaPodroz.DataAccess", "..\KolejnaPodroz.DataAccess\KolejnaPodroz.DataAccess.csproj", "{6D967D5D-E099-49AC-8DC6-DA961963C085}"
EndProject
Project("{54A90642-561A-4BB1-A94E-469ADEE60C69}") = "kolejnapodroz.react", "..\kolejnapodroz.react\kolejnapodroz.react.esproj", "{52026572-1A98-4327-A8A8-93CFC97B6AD7}"
EndProject
Global
	GlobalSection(SolutionConfigurationPlatforms) = preSolution
		Debug|Any CPU = Debug|Any CPU
		Release|Any CPU = Release|Any CPU
	EndGlobalSection
	GlobalSection(ProjectConfigurationPlatforms) = postSolution
		{9ECDD5DD-8717-4494-902C-28A0C701692E}.Debug|Any CPU.ActiveCfg = Debug|Any CPU
		{9ECDD5DD-8717-4494-902C-28A0C701692E}.Debug|Any CPU.Build.0 = Debug|Any CPU
		{9ECDD5DD-8717-4494-902C-28A0C701692E}.Release|Any CPU.ActiveCfg = Release|Any CPU
		{9ECDD5DD-8717-4494-902C-28A0C701692E}.Release|Any CPU.Build.0 = Release|Any CPU
		{C2876CAC-AA04-4D8A-8AF5-DBF399B3A4AD}.Debug|Any CPU.ActiveCfg = Debug|Any CPU
		{C2876CAC-AA04-4D8A-8AF5-DBF399B3A4AD}.Debug|Any CPU.Build.0 = Debug|Any CPU
		{C2876CAC-AA04-4D8A-8AF5-DBF399B3A4AD}.Release|Any CPU.ActiveCfg = Release|Any CPU
		{C2876CAC-AA04-4D8A-8AF5-DBF399B3A4AD}.Release|Any CPU.Build.0 = Release|Any CPU
		{E13E7C60-D7DD-4D68-A92D-E2523A2AC5C8}.Debug|Any CPU.ActiveCfg = Debug|Any CPU
		{E13E7C60-D7DD-4D68-A92D-E2523A2AC5C8}.Debug|Any CPU.Build.0 = Debug|Any CPU
		{E13E7C60-D7DD-4D68-A92D-E2523A2AC5C8}.Release|Any CPU.ActiveCfg = Release|Any CPU
		{E13E7C60-D7DD-4D68-A92D-E2523A2AC5C8}.Release|Any CPU.Build.0 = Release|Any CPU
		{6D967D5D-E099-49AC-8DC6-DA961963C085}.Debug|Any CPU.ActiveCfg = Debug|Any CPU
		{6D967D5D-E099-49AC-8DC6-DA961963C085}.Debug|Any CPU.Build.0 = Debug|Any CPU
		{6D967D5D-E099-49AC-8DC6-DA961963C085}.Release|Any CPU.ActiveCfg = Release|Any CPU
		{6D967D5D-E099-49AC-8DC6-DA961963C085}.Release|Any CPU.Build.0 = Release|Any CPU
		{52026572-1A98-4327-A8A8-93CFC97B6AD7}.Debug|Any CPU.ActiveCfg = Debug|Any CPU
		{52026572-1A98-4327-A8A8-93CFC97B6AD7}.Debug|Any CPU.Build.0 = Debug|Any CPU
		{52026572-1A98-4327-A8A8-93CFC97B6AD7}.Debug|Any CPU.Deploy.0 = Debug|Any CPU
		{52026572-1A98-4327-A8A8-93CFC97B6AD7}.Release|Any CPU.ActiveCfg = Release|Any CPU
		{52026572-1A98-4327-A8A8-93CFC97B6AD7}.Release|Any CPU.Build.0 = Release|Any CPU
		{52026572-1A98-4327-A8A8-93CFC97B6AD7}.Release|Any CPU.Deploy.0 = Release|Any CPU
	EndGlobalSection
	GlobalSection(SolutionProperties) = preSolution
		HideSolutionNode = FALSE
	EndGlobalSection
	GlobalSection(ExtensibilityGlobals) = postSolution
		SolutionGuid = {1449BA96-4078-493B-BBF5-9215C8CA40E0}
	EndGlobalSection
EndGlobal
